
Microsoft Visual Studio Solution File, Format Version 12.00
# Visual Studio Version 17
VisualStudioVersion = 17.11.35327.3
MinimumVisualStudioVersion = 10.0.40219.1
Project("{FAE04EC0-301F-11D3-BF4B-00C04F79EFBC}") = "buttonComando3035699", "buttonComando3035699\buttonComando3035699.csproj", "{56742600-B5F8-4A89-BDDC-DA7F3191BEB7}"
EndProject
Global
	GlobalSection(SolutionConfigurationPlatforms) = preSolution
		Debug|Any CPU = Debug|Any CPU
		Release|Any CPU = Release|Any CPU
	EndGlobalSection
	GlobalSection(ProjectConfigurationPlatforms) = postSolution
		{56742600-B5F8-4A89-BDDC-DA7F3191BEB7}.Debug|Any CPU.ActiveCfg = Debug|Any CPU
		{56742600-B5F8-4A89-BDDC-DA7F3191BEB7}.Debug|Any CPU.Build.0 = Debug|Any CPU
		{56742600-B5F8-4A89-BDDC-DA7F3191BEB7}.Release|Any CPU.ActiveCfg = Release|Any CPU
		{56742600-B5F8-4A89-BDDC-DA7F3191BEB7}.Release|Any CPU.Build.0 = Release|Any CPU
	EndGlobalSection
	GlobalSection(SolutionProperties) = preSolution
		HideSolutionNode = FALSE
	EndGlobalSection
	GlobalSection(ExtensibilityGlobals) = postSolution
		SolutionGuid = {549014F8-36CC-4119-AC83-979DA0AD47DE}
	EndGlobalSection
EndGlobal
